
Microsoft Visual Studio Solution File, Format Version 12.00
# Visual Studio Version 16
VisualStudioVersion = 16.0.29209.62
MinimumVisualStudioVersion = 10.0.40219.1
Project("{9A19103F-16F7-4668-BE54-9A1E7A4F7556}") = "qcsMath", "qcsMath\qcsMath.csproj", "{36287C8E-7ED2-4883-922C-010DF2D66A5B}"
EndProject
Project("{FAE04EC0-301F-11D3-BF4B-00C04F79EFBC}") = "qcsMathTests", "qcsMathTests\qcsMathTests.csproj", "{095D2D38-1E0F-4C40-802F-393EA937A37B}"
EndProject
Global
	GlobalSection(SolutionConfigurationPlatforms) = preSolution
		Debug|Any CPU = Debug|Any CPU
		Release|Any CPU = Release|Any CPU
	EndGlobalSection
	GlobalSection(ProjectConfigurationPlatforms) = postSolution
		{36287C8E-7ED2-4883-922C-010DF2D66A5B}.Debug|Any CPU.ActiveCfg = Debug|Any CPU
		{36287C8E-7ED2-4883-922C-010DF2D66A5B}.Debug|Any CPU.Build.0 = Debug|Any CPU
		{36287C8E-7ED2-4883-922C-010DF2D66A5B}.Release|Any CPU.ActiveCfg = Release|Any CPU
		{36287C8E-7ED2-4883-922C-010DF2D66A5B}.Release|Any CPU.Build.0 = Release|Any CPU
		{095D2D38-1E0F-4C40-802F-393EA937A37B}.Debug|Any CPU.ActiveCfg = Debug|Any CPU
		{095D2D38-1E0F-4C40-802F-393EA937A37B}.Debug|Any CPU.Build.0 = Debug|Any CPU
		{095D2D38-1E0F-4C40-802F-393EA937A37B}.Release|Any CPU.ActiveCfg = Release|Any CPU
		{095D2D38-1E0F-4C40-802F-393EA937A37B}.Release|Any CPU.Build.0 = Release|Any CPU
	EndGlobalSection
	GlobalSection(SolutionProperties) = preSolution
		HideSolutionNode = FALSE
	EndGlobalSection
	GlobalSection(ExtensibilityGlobals) = postSolution
		SolutionGuid = {B2EE0A8B-B246-4955-9F8E-41D35A1D6625}
	EndGlobalSection
EndGlobal
